
Microsoft Visual Studio Solution File, Format Version 12.00
# Visual Studio 15
VisualStudioVersion = 15.0.27004.2009
MinimumVisualStudioVersion = 10.0.40219.1
Project("{2150E333-8FDC-42A3-9474-1A3956D46DE8}") = "Engine", "Engine", "{EF020084-3D83-49EE-9E36-748F13F6B34C}"
EndProject
Project("{2150E333-8FDC-42A3-9474-1A3956D46DE8}") = "Games", "Games", "{E247BE33-8001-4BB0-AE01-311C5A3B7B1F}"
EndProject
Project("{8BC9CEB8-8B4A-11D0-8D11-00A0C91BC942}") = "UE4", "Intermediate\ProjectFiles\UE4.vcxproj", "{68A9F404-B849-424E-BBEB-2528B0309FD4}"
EndProject
Project("{8BC9CEB8-8B4A-11D0-8D11-00A0C91BC942}") = "EscapeRoom", "Intermediate\ProjectFiles\EscapeRoom.vcxproj", "{4F8804A0-DD81-4857-A263-DEDB585ADFFC}"
EndProject
Global
	GlobalSection(SolutionConfigurationPlatforms) = preSolution
		BuiltWithUnrealBuildTool|HTML5 = BuiltWithUnrealBuildTool|HTML5
		BuiltWithUnrealBuildTool|Win32 = BuiltWithUnrealBuildTool|Win32
		BuiltWithUnrealBuildTool|Win64 = BuiltWithUnrealBuildTool|Win64
		BuiltWithUnrealBuildTool|x64 = BuiltWithUnrealBuildTool|x64
		DebugGame Editor|HTML5 = DebugGame Editor|HTML5
		DebugGame Editor|Win32 = DebugGame Editor|Win32
		DebugGame Editor|Win64 = DebugGame Editor|Win64
		DebugGame Editor|x64 = DebugGame Editor|x64
		DebugGame_Editor|HTML5 = DebugGame_Editor|HTML5
		DebugGame_Editor|Win32 = DebugGame_Editor|Win32
		DebugGame_Editor|Win64 = DebugGame_Editor|Win64
		DebugGame_Editor|x64 = DebugGame_Editor|x64
		DebugGame_Game|HTML5 = DebugGame_Game|HTML5
		DebugGame_Game|Win32 = DebugGame_Game|Win32
		DebugGame_Game|Win64 = DebugGame_Game|Win64
		DebugGame_Game|x64 = DebugGame_Game|x64
		DebugGame|HTML5 = DebugGame|HTML5
		DebugGame|Win32 = DebugGame|Win32
		DebugGame|Win64 = DebugGame|Win64
		DebugGame|x64 = DebugGame|x64
		Development Editor|HTML5 = Development Editor|HTML5
		Development Editor|Win32 = Development Editor|Win32
		Development Editor|Win64 = Development Editor|Win64
		Development Editor|x64 = Development Editor|x64
		Development_Editor|HTML5 = Development_Editor|HTML5
		Development_Editor|Win32 = Development_Editor|Win32
		Development_Editor|Win64 = Development_Editor|Win64
		Development_Editor|x64 = Development_Editor|x64
		Development_Game|HTML5 = Development_Game|HTML5
		Development_Game|Win32 = Development_Game|Win32
		Development_Game|Win64 = Development_Game|Win64
		Development_Game|x64 = Development_Game|x64
		Development|HTML5 = Development|HTML5
		Development|Win32 = Development|Win32
		Development|Win64 = Development|Win64
		Development|x64 = Development|x64
		HTML5_DebugGame_Editor|HTML5 = HTML5_DebugGame_Editor|HTML5
		HTML5_DebugGame_Editor|Win32 = HTML5_DebugGame_Editor|Win32
		HTML5_DebugGame_Editor|Win64 = HTML5_DebugGame_Editor|Win64
		HTML5_DebugGame_Editor|x64 = HTML5_DebugGame_Editor|x64
		HTML5_DebugGame_Game|HTML5 = HTML5_DebugGame_Game|HTML5
		HTML5_DebugGame_Game|Win32 = HTML5_DebugGame_Game|Win32
		HTML5_DebugGame_Game|Win64 = HTML5_DebugGame_Game|Win64
		HTML5_DebugGame_Game|x64 = HTML5_DebugGame_Game|x64
		HTML5_Development_Editor|HTML5 = HTML5_Development_Editor|HTML5
		HTML5_Development_Editor|Win32 = HTML5_Development_Editor|Win32
		HTML5_Development_Editor|Win64 = HTML5_Development_Editor|Win64
		HTML5_Development_Editor|x64 = HTML5_Development_Editor|x64
		HTML5_Development_Game|HTML5 = HTML5_Development_Game|HTML5
		HTML5_Development_Game|Win32 = HTML5_Development_Game|Win32
		HTML5_Development_Game|Win64 = HTML5_Development_Game|Win64
		HTML5_Development_Game|x64 = HTML5_Development_Game|x64
		HTML5_Shipping_Game|HTML5 = HTML5_Shipping_Game|HTML5
		HTML5_Shipping_Game|Win32 = HTML5_Shipping_Game|Win32
		HTML5_Shipping_Game|Win64 = HTML5_Shipping_Game|Win64
		HTML5_Shipping_Game|x64 = HTML5_Shipping_Game|x64
		Shipping_Game|HTML5 = Shipping_Game|HTML5
		Shipping_Game|Win32 = Shipping_Game|Win32
		Shipping_Game|Win64 = Shipping_Game|Win64
		Shipping_Game|x64 = Shipping_Game|x64
		Shipping|HTML5 = Shipping|HTML5
		Shipping|Win32 = Shipping|Win32
		Shipping|Win64 = Shipping|Win64
		Shipping|x64 = Shipping|x64
	EndGlobalSection
	GlobalSection(ProjectConfigurationPlatforms) = postSolution
		{68A9F404-B849-424E-BBEB-2528B0309FD4}.BuiltWithUnrealBuildTool|HTML5.ActiveCfg = BuiltWithUnrealBuildTool|Win32
		{68A9F404-B849-424E-BBEB-2528B0309FD4}.BuiltWithUnrealBuildTool|Win32.ActiveCfg = BuiltWithUnrealBuildTool|Win32
		{68A9F404-B849-424E-BBEB-2528B0309FD4}.BuiltWithUnrealBuildTool|Win32.Build.0 = BuiltWithUnrealBuildTool|Win32
		{68A9F404-B849-424E-BBEB-2528B0309FD4}.BuiltWithUnrealBuildTool|Win64.ActiveCfg = BuiltWithUnrealBuildTool|Win32
		{68A9F404-B849-424E-BBEB-2528B0309FD4}.BuiltWithUnrealBuildTool|x64.ActiveCfg = BuiltWithUnrealBuildTool|Win32
		{68A9F404-B849-424E-BBEB-2528B0309FD4}.DebugGame Editor|HTML5.ActiveCfg = BuiltWithUnrealBuildTool|Win32
		{68A9F404-B849-424E-BBEB-2528B0309FD4}.DebugGame Editor|HTML5.Build.0 = BuiltWithUnrealBuildTool|Win32
		{68A9F404-B849-424E-BBEB-2528B0309FD4}.DebugGame Editor|Win32.ActiveCfg = BuiltWithUnrealBuildTool|Win32
		{68A9F404-B849-424E-BBEB-2528B0309FD4}.DebugGame Editor|Win32.Build.0 = BuiltWithUnrealBuildTool|Win32
		{68A9F404-B849-424E-BBEB-2528B0309FD4}.DebugGame Editor|Win64.ActiveCfg = BuiltWithUnrealBuildTool|Win32
		{68A9F404-B849-424E-BBEB-2528B0309FD4}.DebugGame Editor|Win64.Build.0 = BuiltWithUnrealBuildTool|Win32
		{68A9F404-B849-424E-BBEB-2528B0309FD4}.DebugGame Editor|x64.ActiveCfg = BuiltWithUnrealBuildTool|Win32
		{68A9F404-B849-424E-BBEB-2528B0309FD4}.DebugGame Editor|x64.Build.0 = BuiltWithUnrealBuildTool|Win32
		{68A9F404-B849-424E-BBEB-2528B0309FD4}.DebugGame_Editor|HTML5.ActiveCfg = BuiltWithUnrealBuildTool|Win32
		{68A9F404-B849-424E-BBEB-2528B0309FD4}.DebugGame_Editor|HTML5.Build.0 = BuiltWithUnrealBuildTool|Win32
		{68A9F404-B849-424E-BBEB-2528B0309FD4}.DebugGame_Editor|Win32.ActiveCfg = BuiltWithUnrealBuildTool|Win32
		{68A9F404-B849-424E-BBEB-2528B0309FD4}.DebugGame_Editor|Win32.Build.0 = BuiltWithUnrealBuildTool|Win32
		{68A9F404-B849-424E-BBEB-2528B0309FD4}.DebugGame_Editor|Win64.ActiveCfg = BuiltWithUnrealBuildTool|Win32
		{68A9F404-B849-424E-BBEB-2528B0309FD4}.DebugGame_Editor|Win64.Build.0 = BuiltWithUnrealBuildTool|Win32
		{68A9F404-B849-424E-BBEB-2528B0309FD4}.DebugGame_Editor|x64.ActiveCfg = BuiltWithUnrealBuildTool|Win32
		{68A9F404-B849-424E-BBEB-2528B0309FD4}.DebugGame_Editor|x64.Build.0 = BuiltWithUnrealBuildTool|Win32
		{68A9F404-B849-424E-BBEB-2528B0309FD4}.DebugGame_Game|HTML5.ActiveCfg = BuiltWithUnrealBuildTool|Win32
		{68A9F404-B849-424E-BBEB-2528B0309FD4}.DebugGame_Game|HTML5.Build.0 = BuiltWithUnrealBuildTool|Win32
		{68A9F404-B849-424E-BBEB-2528B0309FD4}.DebugGame_Game|Win32.ActiveCfg = BuiltWithUnrealBuildTool|Win32
		{68A9F404-B849-424E-BBEB-2528B0309FD4}.DebugGame_Game|Win32.Build.0 = BuiltWithUnrealBuildTool|Win32
		{68A9F404-B849-424E-BBEB-2528B0309FD4}.DebugGame_Game|Win64.ActiveCfg = BuiltWithUnrealBuildTool|Win32
		{68A9F404-B849-424E-BBEB-2528B0309FD4}.DebugGame_Game|Win64.Build.0 = BuiltWithUnrealBuildTool|Win32
		{68A9F404-B849-424E-BBEB-2528B0309FD4}.DebugGame_Game|x64.ActiveCfg = BuiltWithUnrealBuildTool|Win32
		{68A9F404-B849-424E-BBEB-2528B0309FD4}.DebugGame_Game|x64.Build.0 = BuiltWithUnrealBuildTool|Win32
		{68A9F404-B849-424E-BBEB-2528B0309FD4}.DebugGame|HTML5.ActiveCfg = BuiltWithUnrealBuildTool|Win32
		{68A9F404-B849-424E-BBEB-2528B0309FD4}.DebugGame|HTML5.Build.0 = BuiltWithUnrealBuildTool|Win32
		{68A9F404-B849-424E-BBEB-2528B0309FD4}.DebugGame|Win32.ActiveCfg = BuiltWithUnrealBuildTool|Win32
		{68A9F404-B849-424E-BBEB-2528B0309FD4}.DebugGame|Win32.Build.0 = BuiltWithUnrealBuildTool|Win32
		{68A9F404-B849-424E-BBEB-2528B0309FD4}.DebugGame|Win64.ActiveCfg = BuiltWithUnrealBuildTool|Win32
		{68A9F404-B849-424E-BBEB-2528B0309FD4}.DebugGame|Win64.Build.0 = BuiltWithUnrealBuildTool|Win32
		{68A9F404-B849-424E-BBEB-2528B0309FD4}.DebugGame|x64.ActiveCfg = BuiltWithUnrealBuildTool|Win32
		{68A9F404-B849-424E-BBEB-2528B0309FD4}.DebugGame|x64.Build.0 = BuiltWithUnrealBuildTool|Win32
		{68A9F404-B849-424E-BBEB-2528B0309FD4}.Development Editor|HTML5.ActiveCfg = BuiltWithUnrealBuildTool|Win32
		{68A9F404-B849-424E-BBEB-2528B0309FD4}.Development Editor|HTML5.Build.0 = BuiltWithUnrealBuildTool|Win32
		{68A9F404-B849-424E-BBEB-2528B0309FD4}.Development Editor|Win32.ActiveCfg = BuiltWithUnrealBuildTool|Win32
		{68A9F404-B849-424E-BBEB-2528B0309FD4}.Development Editor|Win32.Build.0 = BuiltWithUnrealBuildTool|Win32
		{68A9F404-B849-424E-BBEB-2528B0309FD4}.Development Editor|Win64.ActiveCfg = BuiltWithUnrealBuildTool|Win32
		{68A9F404-B849-424E-BBEB-2528B0309FD4}.Development Editor|Win64.Build.0 = BuiltWithUnrealBuildTool|Win32
		{68A9F404-B849-424E-BBEB-2528B0309FD4}.Development Editor|x64.ActiveCfg = BuiltWithUnrealBuildTool|Win32
		{68A9F404-B849-424E-BBEB-2528B0309FD4}.Development Editor|x64.Build.0 = BuiltWithUnrealBuildTool|Win32
		{68A9F404-B849-424E-BBEB-2528B0309FD4}.Development_Editor|HTML5.ActiveCfg = BuiltWithUnrealBuildTool|Win32
		{68A9F404-B849-424E-BBEB-2528B0309FD4}.Development_Editor|HTML5.Build.0 = BuiltWithUnrealBuildTool|Win32
		{68A9F404-B849-424E-BBEB-2528B0309FD4}.Development_Editor|Win32.ActiveCfg = BuiltWithUnrealBuildTool|Win32
		{68A9F404-B849-424E-BBEB-2528B0309FD4}.Development_Editor|Win32.Build.0 = BuiltWithUnrealBuildTool|Win32
		{68A9F404-B849-424E-BBEB-2528B0309FD4}.Development_Editor|Win64.ActiveCfg = BuiltWithUnrealBuildTool|Win32
		{68A9F404-B849-424E-BBEB-2528B0309FD4}.Development_Editor|Win64.Build.0 = BuiltWithUnrealBuildTool|Win32
		{68A9F404-B849-424E-BBEB-2528B0309FD4}.Development_Editor|x64.ActiveCfg = BuiltWithUnrealBuildTool|Win32
		{68A9F404-B849-424E-BBEB-2528B0309FD4}.Development_Editor|x64.Build.0 = BuiltWithUnrealBuildTool|Win32
		{68A9F404-B849-424E-BBEB-2528B0309FD4}.Development_Game|HTML5.ActiveCfg = BuiltWithUnrealBuildTool|Win32
		{68A9F404-B849-424E-BBEB-2528B0309FD4}.Development_Game|HTML5.Build.0 = BuiltWithUnrealBuildTool|Win32
		{68A9F404-B849-424E-BBEB-2528B0309FD4}.Development_Game|Win32.ActiveCfg = BuiltWithUnrealBuildTool|Win32
		{68A9F404-B849-424E-BBEB-2528B0309FD4}.Development_Game|Win32.Build.0 = BuiltWithUnrealBuildTool|Win32
		{68A9F404-B849-424E-BBEB-2528B0309FD4}.Development_Game|Win64.ActiveCfg = BuiltWithUnrealBuildTool|Win32
		{68A9F404-B849-424E-BBEB-2528B0309FD4}.Development_Game|Win64.Build.0 = BuiltWithUnrealBuildTool|Win32
		{68A9F404-B849-424E-BBEB-2528B0309FD4}.Development_Game|x64.ActiveCfg = BuiltWithUnrealBuildTool|Win32
		{68A9F404-B849-424E-BBEB-2528B0309FD4}.Development_Game|x64.Build.0 = BuiltWithUnrealBuildTool|Win32
		{68A9F404-B849-424E-BBEB-2528B0309FD4}.Development|HTML5.ActiveCfg = BuiltWithUnrealBuildTool|Win32
		{68A9F404-B849-424E-BBEB-2528B0309FD4}.Development|HTML5.Build.0 = BuiltWithUnrealBuildTool|Win32
		{68A9F404-B849-424E-BBEB-2528B0309FD4}.Development|Win32.ActiveCfg = BuiltWithUnrealBuildTool|Win32
		{68A9F404-B849-424E-BBEB-2528B0309FD4}.Development|Win32.Build.0 = BuiltWithUnrealBuildTool|Win32
		{68A9F404-B849-424E-BBEB-2528B0309FD4}.Development|Win64.ActiveCfg = BuiltWithUnrealBuildTool|Win32
		{68A9F404-B849-424E-BBEB-2528B0309FD4}.Development|Win64.Build.0 = BuiltWithUnrealBuildTool|Win32
		{68A9F404-B849-424E-BBEB-2528B0309FD4}.Development|x64.ActiveCfg = BuiltWithUnrealBuildTool|Win32
		{68A9F404-B849-424E-BBEB-2528B0309FD4}.Development|x64.Build.0 = BuiltWithUnrealBuildTool|Win32
		{68A9F404-B849-424E-BBEB-2528B0309FD4}.HTML5_DebugGame_Editor|HTML5.ActiveCfg = BuiltWithUnrealBuildTool|Win32
		{68A9F404-B849-424E-BBEB-2528B0309FD4}.HTML5_DebugGame_Editor|HTML5.Build.0 = BuiltWithUnrealBuildTool|Win32
		{68A9F404-B849-424E-BBEB-2528B0309FD4}.HTML5_DebugGame_Editor|Win32.ActiveCfg = BuiltWithUnrealBuildTool|Win32
		{68A9F404-B849-424E-BBEB-2528B0309FD4}.HTML5_DebugGame_Editor|Win32.Build.0 = BuiltWithUnrealBuildTool|Win32
		{68A9F404-B849-424E-BBEB-2528B0309FD4}.HTML5_DebugGame_Editor|Win64.ActiveCfg = BuiltWithUnrealBuildTool|Win32
		{68A9F404-B849-424E-BBEB-2528B0309FD4}.HTML5_DebugGame_Editor|Win64.Build.0 = BuiltWithUnrealBuildTool|Win32
		{68A9F404-B849-424E-BBEB-2528B0309FD4}.HTML5_DebugGame_Editor|x64.ActiveCfg = BuiltWithUnrealBuildTool|Win32
		{68A9F404-B849-424E-BBEB-2528B0309FD4}.HTML5_DebugGame_Editor|x64.Build.0 = BuiltWithUnrealBuildTool|Win32
		{68A9F404-B849-424E-BBEB-2528B0309FD4}.HTML5_DebugGame_Game|HTML5.ActiveCfg = BuiltWithUnrealBuildTool|Win32
		{68A9F404-B849-424E-BBEB-2528B0309FD4}.HTML5_DebugGame_Game|HTML5.Build.0 = BuiltWithUnrealBuildTool|Win32
		{68A9F404-B849-424E-BBEB-2528B0309FD4}.HTML5_DebugGame_Game|Win32.ActiveCfg = BuiltWithUnrealBuildTool|Win32
		{68A9F404-B849-424E-BBEB-2528B0309FD4}.HTML5_DebugGame_Game|Win32.Build.0 = BuiltWithUnrealBuildTool|Win32
		{68A9F404-B849-424E-BBEB-2528B0309FD4}.HTML5_DebugGame_Game|Win64.ActiveCfg = BuiltWithUnrealBuildTool|Win32
		{68A9F404-B849-424E-BBEB-2528B0309FD4}.HTML5_DebugGame_Game|Win64.Build.0 = BuiltWithUnrealBuildTool|Win32
		{68A9F404-B849-424E-BBEB-2528B0309FD4}.HTML5_DebugGame_Game|x64.ActiveCfg = BuiltWithUnrealBuildTool|Win32
		{68A9F404-B849-424E-BBEB-2528B0309FD4}.HTML5_DebugGame_Game|x64.Build.0 = BuiltWithUnrealBuildTool|Win32
		{68A9F404-B849-424E-BBEB-2528B0309FD4}.HTML5_Development_Editor|HTML5.ActiveCfg = BuiltWithUnrealBuildTool|Win32
		{68A9F404-B849-424E-BBEB-2528B0309FD4}.HTML5_Development_Editor|HTML5.Build.0 = BuiltWithUnrealBuildTool|Win32
		{68A9F404-B849-424E-BBEB-2528B0309FD4}.HTML5_Development_Editor|Win32.ActiveCfg = BuiltWithUnrealBuildTool|Win32
		{68A9F404-B849-424E-BBEB-2528B0309FD4}.HTML5_Development_Editor|Win32.Build.0 = BuiltWithUnrealBuildTool|Win32
		{68A9F404-B849-424E-BBEB-2528B0309FD4}.HTML5_Development_Editor|Win64.ActiveCfg = BuiltWithUnrealBuildTool|Win32
		{68A9F404-B849-424E-BBEB-2528B0309FD4}.HTML5_Development_Editor|Win64.Build.0 = BuiltWithUnrealBuildTool|Win32
		{68A9F404-B849-424E-BBEB-2528B0309FD4}.HTML5_Development_Editor|x64.ActiveCfg = BuiltWithUnrealBuildTool|Win32
		{68A9F404-B849-424E-BBEB-2528B0309FD4}.HTML5_Development_Editor|x64.Build.0 = BuiltWithUnrealBuildTool|Win32
		{68A9F404-B849-424E-BBEB-2528B0309FD4}.HTML5_Development_Game|HTML5.ActiveCfg = BuiltWithUnrealBuildTool|Win32
		{68A9F404-B849-424E-BBEB-2528B0309FD4}.HTML5_Development_Game|HTML5.Build.0 = BuiltWithUnrealBuildTool|Win32
		{68A9F404-B849-424E-BBEB-2528B0309FD4}.HTML5_Development_Game|Win32.ActiveCfg = BuiltWithUnrealBuildTool|Win32
		{68A9F404-B849-424E-BBEB-2528B0309FD4}.HTML5_Development_Game|Win32.Build.0 = BuiltWithUnrealBuildTool|Win32
		{68A9F404-B849-424E-BBEB-2528B0309FD4}.HTML5_Development_Game|Win64.ActiveCfg = BuiltWithUnrealBuildTool|Win32
		{68A9F404-B849-424E-BBEB-2528B0309FD4}.HTML5_Development_Game|Win64.Build.0 = BuiltWithUnrealBuildTool|Win32
		{68A9F404-B849-424E-BBEB-2528B0309FD4}.HTML5_Development_Game|x64.ActiveCfg = BuiltWithUnrealBuildTool|Win32
		{68A9F404-B849-424E-BBEB-2528B0309FD4}.HTML5_Development_Game|x64.Build.0 = BuiltWithUnrealBuildTool|Win32
		{68A9F404-B849-424E-BBEB-2528B0309FD4}.HTML5_Shipping_Game|HTML5.ActiveCfg = BuiltWithUnrealBuildTool|Win32
		{68A9F404-B849-424E-BBEB-2528B0309FD4}.HTML5_Shipping_Game|HTML5.Build.0 = BuiltWithUnrealBuildTool|Win32
		{68A9F404-B849-424E-BBEB-2528B0309FD4}.HTML5_Shipping_Game|Win32.ActiveCfg = BuiltWithUnrealBuildTool|Win32
		{68A9F404-B849-424E-BBEB-2528B0309FD4}.HTML5_Shipping_Game|Win32.Build.0 = BuiltWithUnrealBuildTool|Win32
		{68A9F404-B849-424E-BBEB-2528B0309FD4}.HTML5_Shipping_Game|Win64.ActiveCfg = BuiltWithUnrealBuildTool|Win32
		{68A9F404-B849-424E-BBEB-2528B0309FD4}.HTML5_Shipping_Game|Win64.Build.0 = BuiltWithUnrealBuildTool|Win32
		{68A9F404-B849-424E-BBEB-2528B0309FD4}.HTML5_Shipping_Game|x64.ActiveCfg = BuiltWithUnrealBuildTool|Win32
		{68A9F404-B849-424E-BBEB-2528B0309FD4}.HTML5_Shipping_Game|x64.Build.0 = BuiltWithUnrealBuildTool|Win32
		{68A9F404-B849-424E-BBEB-2528B0309FD4}.Shipping_Game|HTML5.ActiveCfg = BuiltWithUnrealBuildTool|Win32
		{68A9F404-B849-424E-BBEB-2528B0309FD4}.Shipping_Game|HTML5.Build.0 = BuiltWithUnrealBuildTool|Win32
		{68A9F404-B849-424E-BBEB-2528B0309FD4}.Shipping_Game|Win32.ActiveCfg = BuiltWithUnrealBuildTool|Win32
		{68A9F404-B849-424E-BBEB-2528B0309FD4}.Shipping_Game|Win32.Build.0 = BuiltWithUnrealBuildTool|Win32
		{68A9F404-B849-424E-BBEB-2528B0309FD4}.Shipping_Game|Win64.ActiveCfg = BuiltWithUnrealBuildTool|Win32
		{68A9F404-B849-424E-BBEB-2528B0309FD4}.Shipping_Game|Win64.Build.0 = BuiltWithUnrealBuildTool|Win32
		{68A9F404-B849-424E-BBEB-2528B0309FD4}.Shipping_Game|x64.ActiveCfg = BuiltWithUnrealBuildTool|Win32
		{68A9F404-B849-424E-BBEB-2528B0309FD4}.Shipping_Game|x64.Build.0 = BuiltWithUnrealBuildTool|Win32
		{68A9F404-B849-424E-BBEB-2528B0309FD4}.Shipping|HTML5.ActiveCfg = BuiltWithUnrealBuildTool|Win32
		{68A9F404-B849-424E-BBEB-2528B0309FD4}.Shipping|HTML5.Build.0 = BuiltWithUnrealBuildTool|Win32
		{68A9F404-B849-424E-BBEB-2528B0309FD4}.Shipping|Win32.ActiveCfg = BuiltWithUnrealBuildTool|Win32
		{68A9F404-B849-424E-BBEB-2528B0309FD4}.Shipping|Win32.Build.0 = BuiltWithUnrealBuildTool|Win32
		{68A9F404-B849-424E-BBEB-2528B0309FD4}.Shipping|Win64.ActiveCfg = BuiltWithUnrealBuildTool|Win32
		{68A9F404-B849-424E-BBEB-2528B0309FD4}.Shipping|Win64.Build.0 = BuiltWithUnrealBuildTool|Win32
		{68A9F404-B849-424E-BBEB-2528B0309FD4}.Shipping|x64.ActiveCfg = BuiltWithUnrealBuildTool|Win32
		{68A9F404-B849-424E-BBEB-2528B0309FD4}.Shipping|x64.Build.0 = BuiltWithUnrealBuildTool|Win32
		{4F8804A0-DD81-4857-A263-DEDB585ADFFC}.BuiltWithUnrealBuildTool|HTML5.ActiveCfg = HTML5_DebugGame_Game|x64
		{4F8804A0-DD81-4857-A263-DEDB585ADFFC}.BuiltWithUnrealBuildTool|HTML5.Build.0 = HTML5_DebugGame_Game|x64
		{4F8804A0-DD81-4857-A263-DEDB585ADFFC}.BuiltWithUnrealBuildTool|Win32.ActiveCfg = Shipping_Game|Win32
		{4F8804A0-DD81-4857-A263-DEDB585ADFFC}.BuiltWithUnrealBuildTool|Win32.Build.0 = Shipping_Game|Win32
		{4F8804A0-DD81-4857-A263-DEDB585ADFFC}.BuiltWithUnrealBuildTool|Win64.ActiveCfg = HTML5_DebugGame_Game|x64
		{4F8804A0-DD81-4857-A263-DEDB585ADFFC}.BuiltWithUnrealBuildTool|Win64.Build.0 = HTML5_DebugGame_Game|x64
		{4F8804A0-DD81-4857-A263-DEDB585ADFFC}.BuiltWithUnrealBuildTool|x64.ActiveCfg = HTML5_DebugGame_Game|x64
		{4F8804A0-DD81-4857-A263-DEDB585ADFFC}.BuiltWithUnrealBuildTool|x64.Build.0 = HTML5_DebugGame_Game|x64
		{4F8804A0-DD81-4857-A263-DEDB585ADFFC}.DebugGame Editor|HTML5.ActiveCfg = Development_Game|Win32
		{4F8804A0-DD81-4857-A263-DEDB585ADFFC}.DebugGame Editor|HTML5.Build.0 = Development_Game|Win32
		{4F8804A0-DD81-4857-A263-DEDB585ADFFC}.DebugGame Editor|Win32.ActiveCfg = DebugGame_Editor|Win32
		{4F8804A0-DD81-4857-A263-DEDB585ADFFC}.DebugGame Editor|Win64.ActiveCfg = DebugGame_Editor|x64
		{4F8804A0-DD81-4857-A263-DEDB585ADFFC}.DebugGame Editor|Win64.Build.0 = DebugGame_Editor|x64
		{4F8804A0-DD81-4857-A263-DEDB585ADFFC}.DebugGame Editor|x64.ActiveCfg = DebugGame_Editor|x64
		{4F8804A0-DD81-4857-A263-DEDB585ADFFC}.DebugGame Editor|x64.Build.0 = DebugGame_Editor|x64
		{4F8804A0-DD81-4857-A263-DEDB585ADFFC}.DebugGame_Editor|HTML5.ActiveCfg = DebugGame_Editor|Win32
		{4F8804A0-DD81-4857-A263-DEDB585ADFFC}.DebugGame_Editor|Win32.ActiveCfg = DebugGame_Editor|Win32
		{4F8804A0-DD81-4857-A263-DEDB585ADFFC}.DebugGame_Editor|Win32.Build.0 = DebugGame_Editor|Win32
		{4F8804A0-DD81-4857-A263-DEDB585ADFFC}.DebugGame_Editor|Win64.ActiveCfg = DebugGame_Editor|Win32
		{4F8804A0-DD81-4857-A263-DEDB585ADFFC}.DebugGame_Editor|x64.ActiveCfg = DebugGame_Editor|x64
		{4F8804A0-DD81-4857-A263-DEDB585ADFFC}.DebugGame_Editor|x64.Build.0 = DebugGame_Editor|x64
		{4F8804A0-DD81-4857-A263-DEDB585ADFFC}.DebugGame_Game|HTML5.ActiveCfg = DebugGame_Game|Win32
		{4F8804A0-DD81-4857-A263-DEDB585ADFFC}.DebugGame_Game|Win32.ActiveCfg = DebugGame_Game|Win32
		{4F8804A0-DD81-4857-A263-DEDB585ADFFC}.DebugGame_Game|Win32.Build.0 = DebugGame_Game|Win32
		{4F8804A0-DD81-4857-A263-DEDB585ADFFC}.DebugGame_Game|Win64.ActiveCfg = DebugGame_Game|Win32
		{4F8804A0-DD81-4857-A263-DEDB585ADFFC}.DebugGame_Game|x64.ActiveCfg = DebugGame_Game|x64
		{4F8804A0-DD81-4857-A263-DEDB585ADFFC}.DebugGame_Game|x64.Build.0 = DebugGame_Game|x64
		{4F8804A0-DD81-4857-A263-DEDB585ADFFC}.DebugGame|HTML5.ActiveCfg = HTML5_DebugGame_Game|Win32
		{4F8804A0-DD81-4857-A263-DEDB585ADFFC}.DebugGame|HTML5.Build.0 = HTML5_DebugGame_Game|Win32
		{4F8804A0-DD81-4857-A263-DEDB585ADFFC}.DebugGame|Win32.ActiveCfg = DebugGame_Game|Win32
		{4F8804A0-DD81-4857-A263-DEDB585ADFFC}.DebugGame|Win32.Build.0 = DebugGame_Game|Win32
		{4F8804A0-DD81-4857-A263-DEDB585ADFFC}.DebugGame|Win64.ActiveCfg = DebugGame_Game|x64
		{4F8804A0-DD81-4857-A263-DEDB585ADFFC}.DebugGame|Win64.Build.0 = DebugGame_Game|x64
		{4F8804A0-DD81-4857-A263-DEDB585ADFFC}.DebugGame|x64.ActiveCfg = HTML5_DebugGame_Game|x64
		{4F8804A0-DD81-4857-A263-DEDB585ADFFC}.DebugGame|x64.Build.0 = HTML5_DebugGame_Game|x64
		{4F8804A0-DD81-4857-A263-DEDB585ADFFC}.Development Editor|HTML5.ActiveCfg = HTML5_Development_Editor|Win32
		{4F8804A0-DD81-4857-A263-DEDB585ADFFC}.Development Editor|Win32.ActiveCfg = Development_Editor|Win32
		{4F8804A0-DD81-4857-A263-DEDB585ADFFC}.Development Editor|Win64.ActiveCfg = Development_Editor|x64
		{4F8804A0-DD81-4857-A263-DEDB585ADFFC}.Development Editor|Win64.Build.0 = Development_Editor|x64
		{4F8804A0-DD81-4857-A263-DEDB585ADFFC}.Development Editor|x64.ActiveCfg = Development_Game|x64
		{4F8804A0-DD81-4857-A263-DEDB585ADFFC}.Development Editor|x64.Build.0 = Development_Game|x64
		{4F8804A0-DD81-4857-A263-DEDB585ADFFC}.Development_Editor|HTML5.ActiveCfg = Development_Editor|Win32
		{4F8804A0-DD81-4857-A263-DEDB585ADFFC}.Development_Editor|Win32.ActiveCfg = Development_Editor|Win32
		{4F8804A0-DD81-4857-A263-DEDB585ADFFC}.Development_Editor|Win32.Build.0 = Development_Editor|Win32
		{4F8804A0-DD81-4857-A263-DEDB585ADFFC}.Development_Editor|Win64.ActiveCfg = Development_Editor|Win32
		{4F8804A0-DD81-4857-A263-DEDB585ADFFC}.Development_Editor|x64.ActiveCfg = Development_Editor|x64
		{4F8804A0-DD81-4857-A263-DEDB585ADFFC}.Development_Editor|x64.Build.0 = Development_Editor|x64
		{4F8804A0-DD81-4857-A263-DEDB585ADFFC}.Development_Game|HTML5.ActiveCfg = Development_Game|Win32
		{4F8804A0-DD81-4857-A263-DEDB585ADFFC}.Development_Game|Win32.ActiveCfg = Development_Game|Win32
		{4F8804A0-DD81-4857-A263-DEDB585ADFFC}.Development_Game|Win32.Build.0 = Development_Game|Win32
		{4F8804A0-DD81-4857-A263-DEDB585ADFFC}.Development_Game|Win64.ActiveCfg = Development_Game|Win32
		{4F8804A0-DD81-4857-A263-DEDB585ADFFC}.Development_Game|x64.ActiveCfg = Development_Game|x64
		{4F8804A0-DD81-4857-A263-DEDB585ADFFC}.Development_Game|x64.Build.0 = Development_Game|x64
		{4F8804A0-DD81-4857-A263-DEDB585ADFFC}.Development|HTML5.ActiveCfg = HTML5_Development_Game|Win32
		{4F8804A0-DD81-4857-A263-DEDB585ADFFC}.Development|HTML5.Build.0 = HTML5_Development_Game|Win32
		{4F8804A0-DD81-4857-A263-DEDB585ADFFC}.Development|Win32.ActiveCfg = Development_Game|Win32
		{4F8804A0-DD81-4857-A263-DEDB585ADFFC}.Development|Win32.Build.0 = Development_Game|Win32
		{4F8804A0-DD81-4857-A263-DEDB585ADFFC}.Development|Win64.ActiveCfg = Development_Game|x64
		{4F8804A0-DD81-4857-A263-DEDB585ADFFC}.Development|Win64.Build.0 = Development_Game|x64
		{4F8804A0-DD81-4857-A263-DEDB585ADFFC}.Development|x64.ActiveCfg = HTML5_Development_Editor|x64
		{4F8804A0-DD81-4857-A263-DEDB585ADFFC}.Development|x64.Build.0 = HTML5_Development_Editor|x64
		{4F8804A0-DD81-4857-A263-DEDB585ADFFC}.HTML5_DebugGame_Editor|HTML5.ActiveCfg = HTML5_DebugGame_Editor|Win32
		{4F8804A0-DD81-4857-A263-DEDB585ADFFC}.HTML5_DebugGame_Editor|Win32.ActiveCfg = HTML5_DebugGame_Editor|Win32
		{4F8804A0-DD81-4857-A263-DEDB585ADFFC}.HTML5_DebugGame_Editor|Win32.Build.0 = HTML5_DebugGame_Editor|Win32
		{4F8804A0-DD81-4857-A263-DEDB585ADFFC}.HTML5_DebugGame_Editor|Win64.ActiveCfg = HTML5_DebugGame_Editor|Win32
		{4F8804A0-DD81-4857-A263-DEDB585ADFFC}.HTML5_DebugGame_Editor|x64.ActiveCfg = HTML5_DebugGame_Editor|x64
		{4F8804A0-DD81-4857-A263-DEDB585ADFFC}.HTML5_DebugGame_Editor|x64.Build.0 = HTML5_DebugGame_Editor|x64
		{4F8804A0-DD81-4857-A263-DEDB585ADFFC}.HTML5_DebugGame_Game|HTML5.ActiveCfg = HTML5_DebugGame_Game|Win32
		{4F8804A0-DD81-4857-A263-DEDB585ADFFC}.HTML5_DebugGame_Game|Win32.ActiveCfg = HTML5_DebugGame_Game|Win32
		{4F8804A0-DD81-4857-A263-DEDB585ADFFC}.HTML5_DebugGame_Game|Win32.Build.0 = HTML5_DebugGame_Game|Win32
		{4F8804A0-DD81-4857-A263-DEDB585ADFFC}.HTML5_DebugGame_Game|Win64.ActiveCfg = HTML5_DebugGame_Game|Win32
		{4F8804A0-DD81-4857-A263-DEDB585ADFFC}.HTML5_DebugGame_Game|x64.ActiveCfg = HTML5_DebugGame_Game|x64
		{4F8804A0-DD81-4857-A263-DEDB585ADFFC}.HTML5_DebugGame_Game|x64.Build.0 = HTML5_DebugGame_Game|x64
		{4F8804A0-DD81-4857-A263-DEDB585ADFFC}.HTML5_Development_Editor|HTML5.ActiveCfg = HTML5_Development_Editor|Win32
		{4F8804A0-DD81-4857-A263-DEDB585ADFFC}.HTML5_Development_Editor|Win32.ActiveCfg = HTML5_Development_Editor|Win32
		{4F8804A0-DD81-4857-A263-DEDB585ADFFC}.HTML5_Development_Editor|Win32.Build.0 = HTML5_Development_Editor|Win32
		{4F8804A0-DD81-4857-A263-DEDB585ADFFC}.HTML5_Development_Editor|Win64.ActiveCfg = HTML5_Development_Editor|Win32
		{4F8804A0-DD81-4857-A263-DEDB585ADFFC}.HTML5_Development_Editor|x64.ActiveCfg = HTML5_Development_Editor|x64
		{4F8804A0-DD81-4857-A263-DEDB585ADFFC}.HTML5_Development_Editor|x64.Build.0 = HTML5_Development_Editor|x64
		{4F8804A0-DD81-4857-A263-DEDB585ADFFC}.HTML5_Development_Game|HTML5.ActiveCfg = HTML5_Development_Game|Win32
		{4F8804A0-DD81-4857-A263-DEDB585ADFFC}.HTML5_Development_Game|Win32.ActiveCfg = HTML5_Development_Game|Win32
		{4F8804A0-DD81-4857-A263-DEDB585ADFFC}.HTML5_Development_Game|Win32.Build.0 = HTML5_Development_Game|Win32
		{4F8804A0-DD81-4857-A263-DEDB585ADFFC}.HTML5_Development_Game|Win64.ActiveCfg = HTML5_Development_Game|Win32
		{4F8804A0-DD81-4857-A263-DEDB585ADFFC}.HTML5_Development_Game|x64.ActiveCfg = HTML5_Development_Game|x64
		{4F8804A0-DD81-4857-A263-DEDB585ADFFC}.HTML5_Development_Game|x64.Build.0 = HTML5_Development_Game|x64
		{4F8804A0-DD81-4857-A263-DEDB585ADFFC}.HTML5_Shipping_Game|HTML5.ActiveCfg = HTML5_Shipping_Game|Win32
		{4F8804A0-DD81-4857-A263-DEDB585ADFFC}.HTML5_Shipping_Game|Win32.ActiveCfg = HTML5_Shipping_Game|Win32
		{4F8804A0-DD81-4857-A263-DEDB585ADFFC}.HTML5_Shipping_Game|Win32.Build.0 = HTML5_Shipping_Game|Win32
		{4F8804A0-DD81-4857-A263-DEDB585ADFFC}.HTML5_Shipping_Game|Win64.ActiveCfg = HTML5_Shipping_Game|Win32
		{4F8804A0-DD81-4857-A263-DEDB585ADFFC}.HTML5_Shipping_Game|x64.ActiveCfg = HTML5_Shipping_Game|x64
		{4F8804A0-DD81-4857-A263-DEDB585ADFFC}.HTML5_Shipping_Game|x64.Build.0 = HTML5_Shipping_Game|x64
		{4F8804A0-DD81-4857-A263-DEDB585ADFFC}.Shipping_Game|HTML5.ActiveCfg = Shipping_Game|Win32
		{4F8804A0-DD81-4857-A263-DEDB585ADFFC}.Shipping_Game|Win32.ActiveCfg = Shipping_Game|Win32
		{4F8804A0-DD81-4857-A263-DEDB585ADFFC}.Shipping_Game|Win32.Build.0 = Shipping_Game|Win32
		{4F8804A0-DD81-4857-A263-DEDB585ADFFC}.Shipping_Game|Win64.ActiveCfg = Shipping_Game|Win32
		{4F8804A0-DD81-4857-A263-DEDB585ADFFC}.Shipping_Game|x64.ActiveCfg = Shipping_Game|x64
		{4F8804A0-DD81-4857-A263-DEDB585ADFFC}.Shipping_Game|x64.Build.0 = Shipping_Game|x64
		{4F8804A0-DD81-4857-A263-DEDB585ADFFC}.Shipping|HTML5.ActiveCfg = HTML5_Shipping_Game|Win32
		{4F8804A0-DD81-4857-A263-DEDB585ADFFC}.Shipping|HTML5.Build.0 = HTML5_Shipping_Game|Win32
		{4F8804A0-DD81-4857-A263-DEDB585ADFFC}.Shipping|Win32.ActiveCfg = Shipping_Game|Win32
		{4F8804A0-DD81-4857-A263-DEDB585ADFFC}.Shipping|Win32.Build.0 = Shipping_Game|Win32
		{4F8804A0-DD81-4857-A263-DEDB585ADFFC}.Shipping|Win64.ActiveCfg = Shipping_Game|x64
		{4F8804A0-DD81-4857-A263-DEDB585ADFFC}.Shipping|Win64.Build.0 = Shipping_Game|x64
		{4F8804A0-DD81-4857-A263-DEDB585ADFFC}.Shipping|x64.ActiveCfg = HTML5_Shipping_Game|x64
		{4F8804A0-DD81-4857-A263-DEDB585ADFFC}.Shipping|x64.Build.0 = HTML5_Shipping_Game|x64
	EndGlobalSection
	GlobalSection(SolutionProperties) = preSolution
		HideSolutionNode = FALSE
	EndGlobalSection
	GlobalSection(NestedProjects) = preSolution
		{68A9F404-B849-424E-BBEB-2528B0309FD4} = {EF020084-3D83-49EE-9E36-748F13F6B34C}
		{4F8804A0-DD81-4857-A263-DEDB585ADFFC} = {E247BE33-8001-4BB0-AE01-311C5A3B7B1F}
	EndGlobalSection
	GlobalSection(ExtensibilityGlobals) = postSolution
		SolutionGuid = {EBAB6ABF-0DEA-4141-9671-7833E8CD660E}
	EndGlobalSection
EndGlobal
